
Microsoft Visual Studio Solution File, Format Version 12.00
# Visual Studio Version 17
VisualStudioVersion = 17.5.33424.131
MinimumVisualStudioVersion = 10.0.40219.1
Project("{FAE04EC0-301F-11D3-BF4B-00C04F79EFBC}") = "Calculadora de IMC", "Calculadora de IMC\Calculadora de IMC.csproj", "{9BF29122-0E05-4F29-A89B-152AE0AC339D}"
EndProject
Global
	GlobalSection(SolutionConfigurationPlatforms) = preSolution
		Debug|Any CPU = Debug|Any CPU
		Release|Any CPU = Release|Any CPU
	EndGlobalSection
	GlobalSection(ProjectConfigurationPlatforms) = postSolution
		{9BF29122-0E05-4F29-A89B-152AE0AC339D}.Debug|Any CPU.ActiveCfg = Debug|Any CPU
		{9BF29122-0E05-4F29-A89B-152AE0AC339D}.Debug|Any CPU.Build.0 = Debug|Any CPU
		{9BF29122-0E05-4F29-A89B-152AE0AC339D}.Release|Any CPU.ActiveCfg = Release|Any CPU
		{9BF29122-0E05-4F29-A89B-152AE0AC339D}.Release|Any CPU.Build.0 = Release|Any CPU
	EndGlobalSection
	GlobalSection(SolutionProperties) = preSolution
		HideSolutionNode = FALSE
	EndGlobalSection
	GlobalSection(ExtensibilityGlobals) = postSolution
		SolutionGuid = {12A31754-E4BB-414C-83B6-9CA9D99FB97E}
	EndGlobalSection
EndGlobal
